
Microsoft Visual Studio Solution File, Format Version 12.00
# Visual Studio Version 17
VisualStudioVersion = 17.0.31903.59
MinimumVisualStudioVersion = 10.0.40219.1
Project("{9A19103F-16F7-4668-BE54-9A1E7A4F7556}") = "carlserver.blazor.Client", "carlserver.blazor\Client\carlserver.blazor.Client.csproj", "{BDCA83A9-9F71-4C40-8DCF-07D9FA81DE29}"
EndProject
Global
	GlobalSection(SolutionConfigurationPlatforms) = preSolution
		Debug|Any CPU = Debug|Any CPU
		Release|Any CPU = Release|Any CPU
	EndGlobalSection
	GlobalSection(ProjectConfigurationPlatforms) = postSolution
		{BDCA83A9-9F71-4C40-8DCF-07D9FA81DE29}.Debug|Any CPU.ActiveCfg = Debug|Any CPU
		{BDCA83A9-9F71-4C40-8DCF-07D9FA81DE29}.Debug|Any CPU.Build.0 = Debug|Any CPU
		{BDCA83A9-9F71-4C40-8DCF-07D9FA81DE29}.Release|Any CPU.ActiveCfg = Release|Any CPU
		{BDCA83A9-9F71-4C40-8DCF-07D9FA81DE29}.Release|Any CPU.Build.0 = Release|Any CPU
	EndGlobalSection
	GlobalSection(SolutionProperties) = preSolution
		HideSolutionNode = FALSE
	EndGlobalSection
	GlobalSection(ExtensibilityGlobals) = postSolution
		SolutionGuid = {7D6C5E69-4419-4953-B423-711DFAD414FA}
	EndGlobalSection
EndGlobal
